
Microsoft Visual Studio Solution File, Format Version 12.00
# Visual Studio 15
VisualStudioVersion = 15.0.28307.902
MinimumVisualStudioVersion = 10.0.40219.1
Project("{FAE04EC0-301F-11D3-BF4B-00C04F79EFBC}") = "Ljk.Dapper.VSIX", "Ljk.Dapper.VSIX\Ljk.Dapper.VSIX.csproj", "{5CB22274-172B-4B84-8F09-22863C76497F}"
EndProject
Project("{FAE04EC0-301F-11D3-BF4B-00C04F79EFBC}") = "Ljk.Dapper.Mode.Generator", "Ljk.Dapper.Mode.Generator\Ljk.Dapper.Mode.Generator.csproj", "{02368FD1-1D86-4EC3-9FC6-E72A09180E23}"
EndProject
Global
	GlobalSection(SolutionConfigurationPlatforms) = preSolution
		Debug|Any CPU = Debug|Any CPU
		Release|Any CPU = Release|Any CPU
	EndGlobalSection
	GlobalSection(ProjectConfigurationPlatforms) = postSolution
		{5CB22274-172B-4B84-8F09-22863C76497F}.Debug|Any CPU.ActiveCfg = Debug|Any CPU
		{5CB22274-172B-4B84-8F09-22863C76497F}.Debug|Any CPU.Build.0 = Debug|Any CPU
		{5CB22274-172B-4B84-8F09-22863C76497F}.Release|Any CPU.ActiveCfg = Release|Any CPU
		{5CB22274-172B-4B84-8F09-22863C76497F}.Release|Any CPU.Build.0 = Release|Any CPU
		{02368FD1-1D86-4EC3-9FC6-E72A09180E23}.Debug|Any CPU.ActiveCfg = Debug|Any CPU
		{02368FD1-1D86-4EC3-9FC6-E72A09180E23}.Debug|Any CPU.Build.0 = Debug|Any CPU
		{02368FD1-1D86-4EC3-9FC6-E72A09180E23}.Release|Any CPU.ActiveCfg = Release|Any CPU
		{02368FD1-1D86-4EC3-9FC6-E72A09180E23}.Release|Any CPU.Build.0 = Release|Any CPU
	EndGlobalSection
	GlobalSection(SolutionProperties) = preSolution
		HideSolutionNode = FALSE
	EndGlobalSection
	GlobalSection(ExtensibilityGlobals) = postSolution
		SolutionGuid = {A39BB933-DA70-4227-8F95-B30938E7BAB4}
	EndGlobalSection
EndGlobal
